
Microsoft Visual Studio Solution File, Format Version 12.00
# Visual Studio Version 17
VisualStudioVersion = 17.11.35222.181
MinimumVisualStudioVersion = 10.0.40219.1
Project("{2150E333-8FDC-42A3-9474-1A3956D46DE8}") = "Task0", "Task0", "{96ABC2CD-A54F-4ACA-894D-415BF0260048}"
EndProject
Project("{FAE04EC0-301F-11D3-BF4B-00C04F79EFBC}") = "Tyuiu.GalimovAA.Sprint0.Task0.V0", "Tyuiu.GalimovAA.Sprint0.Task0.V0\Tyuiu.GalimovAA.Sprint0.Task0.V0.csproj", "{E90C0354-3437-4AEE-89B0-3BE05C5BA5C8}"
EndProject
Project("{2150E333-8FDC-42A3-9474-1A3956D46DE8}") = "Task1", "Task1", "{4AFFFB48-A834-4561-B926-0AE0EB8A242F}"
EndProject
Project("{FAE04EC0-301F-11D3-BF4B-00C04F79EFBC}") = "Tyuiu.GalimovAA.Sprint0.Task1.V0", "Tyuiu.GalimovAA.Sprint0.Task1.V0\Tyuiu.GalimovAA.Sprint0.Task1.V0.csproj", "{BC30B231-3AA8-4C7E-B943-E61D9CDA0965}"
EndProject
Project("{2150E333-8FDC-42A3-9474-1A3956D46DE8}") = "Task2", "Task2", "{39888341-0868-4C42-94C9-457BEC9D025A}"
EndProject
Project("{FAE04EC0-301F-11D3-BF4B-00C04F79EFBC}") = "Tyuiu.GalimovAA.Sprint0.Task2.V0", "Tyuiu.GalimovAA.Sprint0.Task2.V0\Tyuiu.GalimovAA.Sprint0.Task2.V0.csproj", "{6F1533AD-1CC0-4DBD-9141-2DD3A66769D8}"
EndProject
Project("{FAE04EC0-301F-11D3-BF4B-00C04F79EFBC}") = "Tyuiu.GalimovAA.Sprint0.Task2.V0.Lib", "Tyuiu.GalimovAA.Sprint0.Task2.V0.Lib\Tyuiu.GalimovAA.Sprint0.Task2.V0.Lib.csproj", "{D3228CAC-327E-49D6-B39A-8DE0BDB03482}"
EndProject
Project("{FAE04EC0-301F-11D3-BF4B-00C04F79EFBC}") = "Tyuiu.GalimovAA.Sprint0.Task2.V0.Test", "Tyuiu.GalimovAA.Sprint0.Task2.V0.Test\Tyuiu.GalimovAA.Sprint0.Task2.V0.Test.csproj", "{2EDAD760-CF9A-4F54-A7D3-67A378F0324B}"
EndProject
Project("{2150E333-8FDC-42A3-9474-1A3956D46DE8}") = "Task3", "Task3", "{D98C853F-19E9-4697-B892-847F8C11C927}"
EndProject
Project("{FAE04EC0-301F-11D3-BF4B-00C04F79EFBC}") = "Tyuiu.GalimovAA.Sprint0.Task3.V0", "Tyuiu.GalimovAA.Sprint0.Task3.V0\Tyuiu.GalimovAA.Sprint0.Task3.V0.csproj", "{16C6C4EB-5F86-447A-AF87-5E8C36B00F5D}"
EndProject
Project("{FAE04EC0-301F-11D3-BF4B-00C04F79EFBC}") = "Tyuiu.GalimovAA.Sprint0.Task3.V0.Lib", "Tyuiu.GalimovAA.Sprint0.Task3.V0.Lib\Tyuiu.GalimovAA.Sprint0.Task3.V0.Lib.csproj", "{3240CDCB-118F-4044-ABAA-945457CF5FCA}"
EndProject
Project("{FAE04EC0-301F-11D3-BF4B-00C04F79EFBC}") = "Tyuiu.GalimovAA.Sprint0.Task3.V0.Test", "Tyuiu.GalimovAA.Sprint0.Task3.V0.Test\Tyuiu.GalimovAA.Sprint0.Task3.V0.Test.csproj", "{38AF3669-ECC6-4E71-AB1C-5C54EB91A750}"
EndProject
Project("{2150E333-8FDC-42A3-9474-1A3956D46DE8}") = "Task4", "Task4", "{59EE6AB6-6F10-4314-AB34-E2CD01C32034}"
EndProject
Project("{FAE04EC0-301F-11D3-BF4B-00C04F79EFBC}") = "Tyuiu.GalimovAA.Sprint0.Task4.V0", "Tyuiu.GalimovAA.Sprint0.Task4.V0\Tyuiu.GalimovAA.Sprint0.Task4.V0.csproj", "{986268C2-ABAC-47B7-81F2-626BAC662255}"
EndProject
Project("{FAE04EC0-301F-11D3-BF4B-00C04F79EFBC}") = "Tyuiu.GalimovAA.Sprint0.Task4.V0.Lib", "Tyuiu.GalimovAA.Sprint0.Task4.V0.Lib\Tyuiu.GalimovAA.Sprint0.Task4.V0.Lib.csproj", "{0D0C2B4B-F812-47B2-9A29-A97522B50495}"
EndProject
Project("{FAE04EC0-301F-11D3-BF4B-00C04F79EFBC}") = "Tyuiu.GalimovAA.Sprint0.Task4.V0.Test", "Tyuiu.GalimovAA.Sprint0.Task4.V0.Test\Tyuiu.GalimovAA.Sprint0.Task4.V0.Test.csproj", "{33604FFE-AD25-4D2F-901E-A03E53B8B35F}"
EndProject
Project("{2150E333-8FDC-42A3-9474-1A3956D46DE8}") = "Task5", "Task5", "{129D1F22-30FE-40E0-A717-7330785A0F63}"
EndProject
Project("{FAE04EC0-301F-11D3-BF4B-00C04F79EFBC}") = "Tyuiu.GalimovAA.Sprint0.Task5.V0", "Tyuiu.GalimovAA.Sprint0.Task5.V0\Tyuiu.GalimovAA.Sprint0.Task5.V0.csproj", "{FA871B80-A6F9-4827-8E6D-5647BA0D895C}"
EndProject
Project("{FAE04EC0-301F-11D3-BF4B-00C04F79EFBC}") = "Tyuiu.GalimovAA.Sprint0.Task5.V0.Lib", "Tyuiu.GalimovAA.Sprint0.Task5.V0.Lib\Tyuiu.GalimovAA.Sprint0.Task5.V0.Lib.csproj", "{77CF4CA3-A573-49D6-A321-0B7471E0F97C}"
EndProject
Project("{FAE04EC0-301F-11D3-BF4B-00C04F79EFBC}") = "Tyuiu.GalimovAA.Sprint0.Task5.V0.Test", "Tyuiu.GalimovAA.Sprint0.Task5.V0.Test\Tyuiu.GalimovAA.Sprint0.Task5.V0.Test.csproj", "{12436842-2F71-4920-B5D3-20FE34896B29}"
EndProject
Project("{2150E333-8FDC-42A3-9474-1A3956D46DE8}") = "Task6", "Task6", "{5BAB35DB-7051-4C19-B01B-5922FDBCC44C}"
EndProject
Project("{FAE04EC0-301F-11D3-BF4B-00C04F79EFBC}") = "Tyuiu.GalimovAA.Sprint0.Task6.V0", "Tyuiu.GalimovAA.Sprint0.Task6.V0\Tyuiu.GalimovAA.Sprint0.Task6.V0.csproj", "{EAC11E85-06EA-43EF-91CB-6E5B71859D99}"
EndProject
Project("{FAE04EC0-301F-11D3-BF4B-00C04F79EFBC}") = "Tyuiu.GalimovAA.Sprint0.Task6.V0.Lib", "Tyuiu.GalimovAA.Sprint0.Task6.V0.Lib\Tyuiu.GalimovAA.Sprint0.Task6.V0.Lib.csproj", "{4EB7DEA3-7078-422E-B267-6F7F3A5CFFDB}"
EndProject
Project("{FAE04EC0-301F-11D3-BF4B-00C04F79EFBC}") = "Tyuiu.GalimovAA.Sprint0.Task6.V0.Test", "Tyuiu.GalimovAA.Sprint0.Task6.V0.Test\Tyuiu.GalimovAA.Sprint0.Task6.V0.Test.csproj", "{8664949D-263E-4EFD-8E5E-2660206AFADC}"
EndProject
Project("{2150E333-8FDC-42A3-9474-1A3956D46DE8}") = "Task7", "Task7", "{B8C283D7-0217-412D-9750-ACA3C5919525}"
EndProject
Project("{FAE04EC0-301F-11D3-BF4B-00C04F79EFBC}") = "Tyuiu.GalimovAA.Sprint0.Task7.V0", "Tyuiu.GalimovAA.Sprint0.Task7.V0\Tyuiu.GalimovAA.Sprint0.Task7.V0.csproj", "{64584DC1-D2C4-4EE3-BD35-FB9986DC67DE}"
EndProject
Project("{FAE04EC0-301F-11D3-BF4B-00C04F79EFBC}") = "Tyuiu.GalimovAA.Sprint0.Task7.V0.Lib", "Tyuiu.GalimovAA.Sprint0.Task7.V0.Lib\Tyuiu.GalimovAA.Sprint0.Task7.V0.Lib.csproj", "{8195FE4C-844F-4B56-93B3-3221547CF2B3}"
EndProject
Project("{FAE04EC0-301F-11D3-BF4B-00C04F79EFBC}") = "Tyuiu.GalimovAA.Sprint0.Task7.V0.Test", "Tyuiu.GalimovAA.Sprint0.Task7.V0.Test\Tyuiu.GalimovAA.Sprint0.Task7.V0.Test.csproj", "{F7AC9D81-04CB-43D1-9B6E-C3091022EA7D}"
EndProject
Global
	GlobalSection(SolutionConfigurationPlatforms) = preSolution
		Debug|Any CPU = Debug|Any CPU
		Release|Any CPU = Release|Any CPU
	EndGlobalSection
	GlobalSection(ProjectConfigurationPlatforms) = postSolution
		{E90C0354-3437-4AEE-89B0-3BE05C5BA5C8}.Debug|Any CPU.ActiveCfg = Debug|Any CPU
		{E90C0354-3437-4AEE-89B0-3BE05C5BA5C8}.Debug|Any CPU.Build.0 = Debug|Any CPU
		{E90C0354-3437-4AEE-89B0-3BE05C5BA5C8}.Release|Any CPU.ActiveCfg = Release|Any CPU
		{E90C0354-3437-4AEE-89B0-3BE05C5BA5C8}.Release|Any CPU.Build.0 = Release|Any CPU
		{BC30B231-3AA8-4C7E-B943-E61D9CDA0965}.Debug|Any CPU.ActiveCfg = Debug|Any CPU
		{BC30B231-3AA8-4C7E-B943-E61D9CDA0965}.Debug|Any CPU.Build.0 = Debug|Any CPU
		{BC30B231-3AA8-4C7E-B943-E61D9CDA0965}.Release|Any CPU.ActiveCfg = Release|Any CPU
		{BC30B231-3AA8-4C7E-B943-E61D9CDA0965}.Release|Any CPU.Build.0 = Release|Any CPU
		{6F1533AD-1CC0-4DBD-9141-2DD3A66769D8}.Debug|Any CPU.ActiveCfg = Debug|Any CPU
		{6F1533AD-1CC0-4DBD-9141-2DD3A66769D8}.Debug|Any CPU.Build.0 = Debug|Any CPU
		{6F1533AD-1CC0-4DBD-9141-2DD3A66769D8}.Release|Any CPU.ActiveCfg = Release|Any CPU
		{6F1533AD-1CC0-4DBD-9141-2DD3A66769D8}.Release|Any CPU.Build.0 = Release|Any CPU
		{D3228CAC-327E-49D6-B39A-8DE0BDB03482}.Debug|Any CPU.ActiveCfg = Debug|Any CPU
		{D3228CAC-327E-49D6-B39A-8DE0BDB03482}.Debug|Any CPU.Build.0 = Debug|Any CPU
		{D3228CAC-327E-49D6-B39A-8DE0BDB03482}.Release|Any CPU.ActiveCfg = Release|Any CPU
		{D3228CAC-327E-49D6-B39A-8DE0BDB03482}.Release|Any CPU.Build.0 = Release|Any CPU
		{2EDAD760-CF9A-4F54-A7D3-67A378F0324B}.Debug|Any CPU.ActiveCfg = Debug|Any CPU
		{2EDAD760-CF9A-4F54-A7D3-67A378F0324B}.Debug|Any CPU.Build.0 = Debug|Any CPU
		{2EDAD760-CF9A-4F54-A7D3-67A378F0324B}.Release|Any CPU.ActiveCfg = Release|Any CPU
		{2EDAD760-CF9A-4F54-A7D3-67A378F0324B}.Release|Any CPU.Build.0 = Release|Any CPU
		{16C6C4EB-5F86-447A-AF87-5E8C36B00F5D}.Debug|Any CPU.ActiveCfg = Debug|Any CPU
		{16C6C4EB-5F86-447A-AF87-5E8C36B00F5D}.Debug|Any CPU.Build.0 = Debug|Any CPU
		{16C6C4EB-5F86-447A-AF87-5E8C36B00F5D}.Release|Any CPU.ActiveCfg = Release|Any CPU
		{16C6C4EB-5F86-447A-AF87-5E8C36B00F5D}.Release|Any CPU.Build.0 = Release|Any CPU
		{3240CDCB-118F-4044-ABAA-945457CF5FCA}.Debug|Any CPU.ActiveCfg = Debug|Any CPU
		{3240CDCB-118F-4044-ABAA-945457CF5FCA}.Debug|Any CPU.Build.0 = Debug|Any CPU
		{3240CDCB-118F-4044-ABAA-945457CF5FCA}.Release|Any CPU.ActiveCfg = Release|Any CPU
		{3240CDCB-118F-4044-ABAA-945457CF5FCA}.Release|Any CPU.Build.0 = Release|Any CPU
		{38AF3669-ECC6-4E71-AB1C-5C54EB91A750}.Debug|Any CPU.ActiveCfg = Debug|Any CPU
		{38AF3669-ECC6-4E71-AB1C-5C54EB91A750}.Debug|Any CPU.Build.0 = Debug|Any CPU
		{38AF3669-ECC6-4E71-AB1C-5C54EB91A750}.Release|Any CPU.ActiveCfg = Release|Any CPU
		{38AF3669-ECC6-4E71-AB1C-5C54EB91A750}.Release|Any CPU.Build.0 = Release|Any CPU
		{986268C2-ABAC-47B7-81F2-626BAC662255}.Debug|Any CPU.ActiveCfg = Debug|Any CPU
		{986268C2-ABAC-47B7-81F2-626BAC662255}.Debug|Any CPU.Build.0 = Debug|Any CPU
		{986268C2-ABAC-47B7-81F2-626BAC662255}.Release|Any CPU.ActiveCfg = Release|Any CPU
		{986268C2-ABAC-47B7-81F2-626BAC662255}.Release|Any CPU.Build.0 = Release|Any CPU
		{0D0C2B4B-F812-47B2-9A29-A97522B50495}.Debug|Any CPU.ActiveCfg = Debug|Any CPU
		{0D0C2B4B-F812-47B2-9A29-A97522B50495}.Debug|Any CPU.Build.0 = Debug|Any CPU
		{0D0C2B4B-F812-47B2-9A29-A97522B50495}.Release|Any CPU.ActiveCfg = Release|Any CPU
		{0D0C2B4B-F812-47B2-9A29-A97522B50495}.Release|Any CPU.Build.0 = Release|Any CPU
		{33604FFE-AD25-4D2F-901E-A03E53B8B35F}.Debug|Any CPU.ActiveCfg = Debug|Any CPU
		{33604FFE-AD25-4D2F-901E-A03E53B8B35F}.Debug|Any CPU.Build.0 = Debug|Any CPU
		{33604FFE-AD25-4D2F-901E-A03E53B8B35F}.Release|Any CPU.ActiveCfg = Release|Any CPU
		{33604FFE-AD25-4D2F-901E-A03E53B8B35F}.Release|Any CPU.Build.0 = Release|Any CPU
		{FA871B80-A6F9-4827-8E6D-5647BA0D895C}.Debug|Any CPU.ActiveCfg = Debug|Any CPU
		{FA871B80-A6F9-4827-8E6D-5647BA0D895C}.Debug|Any CPU.Build.0 = Debug|Any CPU
		{FA871B80-A6F9-4827-8E6D-5647BA0D895C}.Release|Any CPU.ActiveCfg = Release|Any CPU
		{FA871B80-A6F9-4827-8E6D-5647BA0D895C}.Release|Any CPU.Build.0 = Release|Any CPU
		{77CF4CA3-A573-49D6-A321-0B7471E0F97C}.Debug|Any CPU.ActiveCfg = Debug|Any CPU
		{77CF4CA3-A573-49D6-A321-0B7471E0F97C}.Debug|Any CPU.Build.0 = Debug|Any CPU
		{77CF4CA3-A573-49D6-A321-0B7471E0F97C}.Release|Any CPU.ActiveCfg = Release|Any CPU
		{77CF4CA3-A573-49D6-A321-0B7471E0F97C}.Release|Any CPU.Build.0 = Release|Any CPU
		{12436842-2F71-4920-B5D3-20FE34896B29}.Debug|Any CPU.ActiveCfg = Debug|Any CPU
		{12436842-2F71-4920-B5D3-20FE34896B29}.Debug|Any CPU.Build.0 = Debug|Any CPU
		{12436842-2F71-4920-B5D3-20FE34896B29}.Release|Any CPU.ActiveCfg = Release|Any CPU
		{12436842-2F71-4920-B5D3-20FE34896B29}.Release|Any CPU.Build.0 = Release|Any CPU
		{EAC11E85-06EA-43EF-91CB-6E5B71859D99}.Debug|Any CPU.ActiveCfg = Debug|Any CPU
		{EAC11E85-06EA-43EF-91CB-6E5B71859D99}.Debug|Any CPU.Build.0 = Debug|Any CPU
		{EAC11E85-06EA-43EF-91CB-6E5B71859D99}.Release|Any CPU.ActiveCfg = Release|Any CPU
		{EAC11E85-06EA-43EF-91CB-6E5B71859D99}.Release|Any CPU.Build.0 = Release|Any CPU
		{4EB7DEA3-7078-422E-B267-6F7F3A5CFFDB}.Debug|Any CPU.ActiveCfg = Debug|Any CPU
		{4EB7DEA3-7078-422E-B267-6F7F3A5CFFDB}.Debug|Any CPU.Build.0 = Debug|Any CPU
		{4EB7DEA3-7078-422E-B267-6F7F3A5CFFDB}.Release|Any CPU.ActiveCfg = Release|Any CPU
		{4EB7DEA3-7078-422E-B267-6F7F3A5CFFDB}.Release|Any CPU.Build.0 = Release|Any CPU
		{8664949D-263E-4EFD-8E5E-2660206AFADC}.Debug|Any CPU.ActiveCfg = Debug|Any CPU
		{8664949D-263E-4EFD-8E5E-2660206AFADC}.Debug|Any CPU.Build.0 = Debug|Any CPU
		{8664949D-263E-4EFD-8E5E-2660206AFADC}.Release|Any CPU.ActiveCfg = Release|Any CPU
		{8664949D-263E-4EFD-8E5E-2660206AFADC}.Release|Any CPU.Build.0 = Release|Any CPU
		{64584DC1-D2C4-4EE3-BD35-FB9986DC67DE}.Debug|Any CPU.ActiveCfg = Debug|Any CPU
		{64584DC1-D2C4-4EE3-BD35-FB9986DC67DE}.Debug|Any CPU.Build.0 = Debug|Any CPU
		{64584DC1-D2C4-4EE3-BD35-FB9986DC67DE}.Release|Any CPU.ActiveCfg = Release|Any CPU
		{64584DC1-D2C4-4EE3-BD35-FB9986DC67DE}.Release|Any CPU.Build.0 = Release|Any CPU
		{8195FE4C-844F-4B56-93B3-3221547CF2B3}.Debug|Any CPU.ActiveCfg = Debug|Any CPU
		{8195FE4C-844F-4B56-93B3-3221547CF2B3}.Debug|Any CPU.Build.0 = Debug|Any CPU
		{8195FE4C-844F-4B56-93B3-3221547CF2B3}.Release|Any CPU.ActiveCfg = Release|Any CPU
		{8195FE4C-844F-4B56-93B3-3221547CF2B3}.Release|Any CPU.Build.0 = Release|Any CPU
		{F7AC9D81-04CB-43D1-9B6E-C3091022EA7D}.Debug|Any CPU.ActiveCfg = Debug|Any CPU
		{F7AC9D81-04CB-43D1-9B6E-C3091022EA7D}.Debug|Any CPU.Build.0 = Debug|Any CPU
		{F7AC9D81-04CB-43D1-9B6E-C3091022EA7D}.Release|Any CPU.ActiveCfg = Release|Any CPU
		{F7AC9D81-04CB-43D1-9B6E-C3091022EA7D}.Release|Any CPU.Build.0 = Release|Any CPU
	EndGlobalSection
	GlobalSection(SolutionProperties) = preSolution
		HideSolutionNode = FALSE
	EndGlobalSection
	GlobalSection(NestedProjects) = preSolution
		{E90C0354-3437-4AEE-89B0-3BE05C5BA5C8} = {96ABC2CD-A54F-4ACA-894D-415BF0260048}
		{BC30B231-3AA8-4C7E-B943-E61D9CDA0965} = {4AFFFB48-A834-4561-B926-0AE0EB8A242F}
		{6F1533AD-1CC0-4DBD-9141-2DD3A66769D8} = {39888341-0868-4C42-94C9-457BEC9D025A}
		{D3228CAC-327E-49D6-B39A-8DE0BDB03482} = {39888341-0868-4C42-94C9-457BEC9D025A}
		{2EDAD760-CF9A-4F54-A7D3-67A378F0324B} = {39888341-0868-4C42-94C9-457BEC9D025A}
		{16C6C4EB-5F86-447A-AF87-5E8C36B00F5D} = {D98C853F-19E9-4697-B892-847F8C11C927}
		{3240CDCB-118F-4044-ABAA-945457CF5FCA} = {D98C853F-19E9-4697-B892-847F8C11C927}
		{38AF3669-ECC6-4E71-AB1C-5C54EB91A750} = {D98C853F-19E9-4697-B892-847F8C11C927}
		{986268C2-ABAC-47B7-81F2-626BAC662255} = {59EE6AB6-6F10-4314-AB34-E2CD01C32034}
		{0D0C2B4B-F812-47B2-9A29-A97522B50495} = {59EE6AB6-6F10-4314-AB34-E2CD01C32034}
		{33604FFE-AD25-4D2F-901E-A03E53B8B35F} = {59EE6AB6-6F10-4314-AB34-E2CD01C32034}
		{FA871B80-A6F9-4827-8E6D-5647BA0D895C} = {129D1F22-30FE-40E0-A717-7330785A0F63}
		{77CF4CA3-A573-49D6-A321-0B7471E0F97C} = {129D1F22-30FE-40E0-A717-7330785A0F63}
		{12436842-2F71-4920-B5D3-20FE34896B29} = {129D1F22-30FE-40E0-A717-7330785A0F63}
		{EAC11E85-06EA-43EF-91CB-6E5B71859D99} = {5BAB35DB-7051-4C19-B01B-5922FDBCC44C}
		{4EB7DEA3-7078-422E-B267-6F7F3A5CFFDB} = {5BAB35DB-7051-4C19-B01B-5922FDBCC44C}
		{8664949D-263E-4EFD-8E5E-2660206AFADC} = {5BAB35DB-7051-4C19-B01B-5922FDBCC44C}
		{64584DC1-D2C4-4EE3-BD35-FB9986DC67DE} = {B8C283D7-0217-412D-9750-ACA3C5919525}
		{8195FE4C-844F-4B56-93B3-3221547CF2B3} = {B8C283D7-0217-412D-9750-ACA3C5919525}
		{F7AC9D81-04CB-43D1-9B6E-C3091022EA7D} = {B8C283D7-0217-412D-9750-ACA3C5919525}
	EndGlobalSection
	GlobalSection(ExtensibilityGlobals) = postSolution
		SolutionGuid = {75F78A11-6933-4356-A160-2951ED4A38A9}
	EndGlobalSection
EndGlobal
